PODS:
  - MDCSwipeToChoose (0.2.3)

DEPENDENCIES:
  - MDCSwipeToChoose (from `../../`)

EXTERNAL SOURCES:
  MDCSwipeToChoose:
    :path: "../../"

SPEC CHECKSUMS:
  MDCSwipeToChoose: 4c7d2c1c57365c1a56e7bde7942404a25cb513b6

PODFILE CHECKSUM: eba9e352f5cd376d93da6036491bad0cf232ca96

COCOAPODS: 1.2.1
